
Microsoft Visual Studio Solution File, Format Version 12.00
# Visual Studio Version 16
VisualStudioVersion = 16.0.29519.181
MinimumVisualStudioVersion = 10.0.40219.1
Project("{9A19103F-16F7-4668-BE54-9A1E7A4F7556}") = "DiagonalDifference", "DiagonalDifference\DiagonalDifference.csproj", "{D3454170-A39F-41EF-8013-C2A64AFAEA25}"
EndProject
Project("{9A19103F-16F7-4668-BE54-9A1E7A4F7556}") = "SquaresInMatrix", "SquaresInMatrix\SquaresInMatrix.csproj", "{B4629F87-47D2-49A7-8D64-2833D1878550}"
EndProject
Project("{FAE04EC0-301F-11D3-BF4B-00C04F79EFBC}") = "MethodTest", "ConsoleApp1\MethodTest.csproj", "{71995489-1619-46C9-992F-F5BF890A2287}"
EndProject
Global
	GlobalSection(SolutionConfigurationPlatforms) = preSolution
		Debug|Any CPU = Debug|Any CPU
		Release|Any CPU = Release|Any CPU
	EndGlobalSection
	GlobalSection(ProjectConfigurationPlatforms) = postSolution
		{D3454170-A39F-41EF-8013-C2A64AFAEA25}.Debug|Any CPU.ActiveCfg = Debug|Any CPU
		{D3454170-A39F-41EF-8013-C2A64AFAEA25}.Debug|Any CPU.Build.0 = Debug|Any CPU
		{D3454170-A39F-41EF-8013-C2A64AFAEA25}.Release|Any CPU.ActiveCfg = Release|Any CPU
		{D3454170-A39F-41EF-8013-C2A64AFAEA25}.Release|Any CPU.Build.0 = Release|Any CPU
		{B4629F87-47D2-49A7-8D64-2833D1878550}.Debug|Any CPU.ActiveCfg = Debug|Any CPU
		{B4629F87-47D2-49A7-8D64-2833D1878550}.Debug|Any CPU.Build.0 = Debug|Any CPU
		{B4629F87-47D2-49A7-8D64-2833D1878550}.Release|Any CPU.ActiveCfg = Release|Any CPU
		{B4629F87-47D2-49A7-8D64-2833D1878550}.Release|Any CPU.Build.0 = Release|Any CPU
		{71995489-1619-46C9-992F-F5BF890A2287}.Debug|Any CPU.ActiveCfg = Debug|Any CPU
		{71995489-1619-46C9-992F-F5BF890A2287}.Debug|Any CPU.Build.0 = Debug|Any CPU
		{71995489-1619-46C9-992F-F5BF890A2287}.Release|Any CPU.ActiveCfg = Release|Any CPU
		{71995489-1619-46C9-992F-F5BF890A2287}.Release|Any CPU.Build.0 = Release|Any CPU
	EndGlobalSection
	GlobalSection(SolutionProperties) = preSolution
		HideSolutionNode = FALSE
	EndGlobalSection
	GlobalSection(ExtensibilityGlobals) = postSolution
		SolutionGuid = {7E126F7F-9055-4A62-A630-F07855D7DB0C}
	EndGlobalSection
EndGlobal
