
Microsoft Visual Studio Solution File, Format Version 12.00
# Visual Studio Version 16
VisualStudioVersion = 16.0.30309.148
MinimumVisualStudioVersion = 10.0.40219.1
Project("{9A19103F-16F7-4668-BE54-9A1E7A4F7556}") = "BoxData", "BoxData\BoxData.csproj", "{7067696D-D298-4599-BF46-89B37A6A7968}"
EndProject
Project("{9A19103F-16F7-4668-BE54-9A1E7A4F7556}") = "AnimalFarm", "AnimalFarm\AnimalFarm.csproj", "{EC7D03C2-1E1D-4AF4-BC53-A079C02B4F14}"
EndProject
Project("{FAE04EC0-301F-11D3-BF4B-00C04F79EFBC}") = "ShoppingSpree", "ShoppingSpree\ShoppingSpree.csproj", "{849961D0-C94C-4ACA-8D57-8F4500F663ED}"
EndProject
Global
	GlobalSection(SolutionConfigurationPlatforms) = preSolution
		Debug|Any CPU = Debug|Any CPU
		Release|Any CPU = Release|Any CPU
	EndGlobalSection
	GlobalSection(ProjectConfigurationPlatforms) = postSolution
		{7067696D-D298-4599-BF46-89B37A6A7968}.Debug|Any CPU.ActiveCfg = Debug|Any CPU
		{7067696D-D298-4599-BF46-89B37A6A7968}.Debug|Any CPU.Build.0 = Debug|Any CPU
		{7067696D-D298-4599-BF46-89B37A6A7968}.Release|Any CPU.ActiveCfg = Release|Any CPU
		{7067696D-D298-4599-BF46-89B37A6A7968}.Release|Any CPU.Build.0 = Release|Any CPU
		{EC7D03C2-1E1D-4AF4-BC53-A079C02B4F14}.Debug|Any CPU.ActiveCfg = Debug|Any CPU
		{EC7D03C2-1E1D-4AF4-BC53-A079C02B4F14}.Debug|Any CPU.Build.0 = Debug|Any CPU
		{EC7D03C2-1E1D-4AF4-BC53-A079C02B4F14}.Release|Any CPU.ActiveCfg = Release|Any CPU
		{EC7D03C2-1E1D-4AF4-BC53-A079C02B4F14}.Release|Any CPU.Build.0 = Release|Any CPU
		{849961D0-C94C-4ACA-8D57-8F4500F663ED}.Debug|Any CPU.ActiveCfg = Debug|Any CPU
		{849961D0-C94C-4ACA-8D57-8F4500F663ED}.Debug|Any CPU.Build.0 = Debug|Any CPU
		{849961D0-C94C-4ACA-8D57-8F4500F663ED}.Release|Any CPU.ActiveCfg = Release|Any CPU
		{849961D0-C94C-4ACA-8D57-8F4500F663ED}.Release|Any CPU.Build.0 = Release|Any CPU
	EndGlobalSection
	GlobalSection(SolutionProperties) = preSolution
		HideSolutionNode = FALSE
	EndGlobalSection
	GlobalSection(ExtensibilityGlobals) = postSolution
		SolutionGuid = {2F105F38-99E9-46F8-8237-30BD614AFC4F}
	EndGlobalSection
EndGlobal
