
Microsoft Visual Studio Solution File, Format Version 12.00
# Visual Studio Version 16
VisualStudioVersion = 16.0.30320.27
MinimumVisualStudioVersion = 10.0.40219.1
Project("{FAE04EC0-301F-11D3-BF4B-00C04F79EFBC}") = "Vehicles", "Vehicles\Vehicles.csproj", "{5E05DF72-F0C8-4201-A6C8-ED7B1E6B701E}"
EndProject
Global
	GlobalSection(SolutionConfigurationPlatforms) = preSolution
		Debug|Any CPU = Debug|Any CPU
		Release|Any CPU = Release|Any CPU
	EndGlobalSection
	GlobalSection(ProjectConfigurationPlatforms) = postSolution
		{5E05DF72-F0C8-4201-A6C8-ED7B1E6B701E}.Debug|Any CPU.ActiveCfg = Debug|Any CPU
		{5E05DF72-F0C8-4201-A6C8-ED7B1E6B701E}.Debug|Any CPU.Build.0 = Debug|Any CPU
		{5E05DF72-F0C8-4201-A6C8-ED7B1E6B701E}.Release|Any CPU.ActiveCfg = Release|Any CPU
		{5E05DF72-F0C8-4201-A6C8-ED7B1E6B701E}.Release|Any CPU.Build.0 = Release|Any CPU
	EndGlobalSection
	GlobalSection(SolutionProperties) = preSolution
		HideSolutionNode = FALSE
	EndGlobalSection
	GlobalSection(ExtensibilityGlobals) = postSolution
		SolutionGuid = {12859929-94D1-4A65-9F4E-3AFB63124D19}
	EndGlobalSection
EndGlobal
