
Microsoft Visual Studio Solution File, Format Version 12.00
# Visual Studio Version 16
VisualStudioVersion = 16.0.29519.181
MinimumVisualStudioVersion = 10.0.40219.1
Project("{FAE04EC0-301F-11D3-BF4B-00C04F79EFBC}") = "rageexpenses", "rageexpenses\rageexpenses.csproj", "{13D27555-F0D9-4DE3-B953-B56576430DFC}"
EndProject
Project("{FAE04EC0-301F-11D3-BF4B-00C04F79EFBC}") = "makemeaword", "makemeaword\makemeaword.csproj", "{2E9DFFB8-3C64-4553-8AD3-035FB00E1C83}"
EndProject
Global
	GlobalSection(SolutionConfigurationPlatforms) = preSolution
		Debug|Any CPU = Debug|Any CPU
		Release|Any CPU = Release|Any CPU
	EndGlobalSection
	GlobalSection(ProjectConfigurationPlatforms) = postSolution
		{13D27555-F0D9-4DE3-B953-B56576430DFC}.Debug|Any CPU.ActiveCfg = Debug|Any CPU
		{13D27555-F0D9-4DE3-B953-B56576430DFC}.Debug|Any CPU.Build.0 = Debug|Any CPU
		{13D27555-F0D9-4DE3-B953-B56576430DFC}.Release|Any CPU.ActiveCfg = Release|Any CPU
		{13D27555-F0D9-4DE3-B953-B56576430DFC}.Release|Any CPU.Build.0 = Release|Any CPU
		{2E9DFFB8-3C64-4553-8AD3-035FB00E1C83}.Debug|Any CPU.ActiveCfg = Debug|Any CPU
		{2E9DFFB8-3C64-4553-8AD3-035FB00E1C83}.Debug|Any CPU.Build.0 = Debug|Any CPU
		{2E9DFFB8-3C64-4553-8AD3-035FB00E1C83}.Release|Any CPU.ActiveCfg = Release|Any CPU
		{2E9DFFB8-3C64-4553-8AD3-035FB00E1C83}.Release|Any CPU.Build.0 = Release|Any CPU
	EndGlobalSection
	GlobalSection(SolutionProperties) = preSolution
		HideSolutionNode = FALSE
	EndGlobalSection
	GlobalSection(ExtensibilityGlobals) = postSolution
		SolutionGuid = {A43548E1-D4EE-41C7-9B31-4BCCFAC3351C}
	EndGlobalSection
EndGlobal
