
Microsoft Visual Studio Solution File, Format Version 12.00
# Visual Studio Version 16
VisualStudioVersion = 16.0.29418.71
MinimumVisualStudioVersion = 10.0.40219.1
Project("{FAE04EC0-301F-11D3-BF4B-00C04F79EFBC}") = "nested conditionals excercise", "nested conditionals excercise\nested conditionals excercise.csproj", "{4E00E8EF-D9E2-4E90-8981-6A7E8C93FEE4}"
EndProject
Project("{FAE04EC0-301F-11D3-BF4B-00C04F79EFBC}") = "cinema", "cinema\cinema.csproj", "{F106097C-1067-4017-BD7E-DF56164D550F}"
EndProject
Project("{FAE04EC0-301F-11D3-BF4B-00C04F79EFBC}") = "summer outfit", "summer outfit\summer outfit.csproj", "{909FCFD9-3A4B-4034-BBE4-7FC19998995A}"
EndProject
Project("{FAE04EC0-301F-11D3-BF4B-00C04F79EFBC}") = "New House", "New House\New House.csproj", "{A8F8BDE7-F3B6-46D7-AD62-CD1B3F87A659}"
EndProject
Project("{FAE04EC0-301F-11D3-BF4B-00C04F79EFBC}") = "Fishing boat", "Fishing boat\Fishing boat.csproj", "{A0FEE036-FF92-47CA-BD8D-018BF69377B7}"
EndProject
Project("{FAE04EC0-301F-11D3-BF4B-00C04F79EFBC}") = "journey", "ConsoleApp1\journey.csproj", "{B4429674-7B22-44FC-ADCA-A4AAE81E529E}"
EndProject
Global
	GlobalSection(SolutionConfigurationPlatforms) = preSolution
		Debug|Any CPU = Debug|Any CPU
		Release|Any CPU = Release|Any CPU
	EndGlobalSection
	GlobalSection(ProjectConfigurationPlatforms) = postSolution
		{4E00E8EF-D9E2-4E90-8981-6A7E8C93FEE4}.Debug|Any CPU.ActiveCfg = Debug|Any CPU
		{4E00E8EF-D9E2-4E90-8981-6A7E8C93FEE4}.Debug|Any CPU.Build.0 = Debug|Any CPU
		{4E00E8EF-D9E2-4E90-8981-6A7E8C93FEE4}.Release|Any CPU.ActiveCfg = Release|Any CPU
		{4E00E8EF-D9E2-4E90-8981-6A7E8C93FEE4}.Release|Any CPU.Build.0 = Release|Any CPU
		{F106097C-1067-4017-BD7E-DF56164D550F}.Debug|Any CPU.ActiveCfg = Debug|Any CPU
		{F106097C-1067-4017-BD7E-DF56164D550F}.Debug|Any CPU.Build.0 = Debug|Any CPU
		{F106097C-1067-4017-BD7E-DF56164D550F}.Release|Any CPU.ActiveCfg = Release|Any CPU
		{F106097C-1067-4017-BD7E-DF56164D550F}.Release|Any CPU.Build.0 = Release|Any CPU
		{909FCFD9-3A4B-4034-BBE4-7FC19998995A}.Debug|Any CPU.ActiveCfg = Debug|Any CPU
		{909FCFD9-3A4B-4034-BBE4-7FC19998995A}.Debug|Any CPU.Build.0 = Debug|Any CPU
		{909FCFD9-3A4B-4034-BBE4-7FC19998995A}.Release|Any CPU.ActiveCfg = Release|Any CPU
		{909FCFD9-3A4B-4034-BBE4-7FC19998995A}.Release|Any CPU.Build.0 = Release|Any CPU
		{A8F8BDE7-F3B6-46D7-AD62-CD1B3F87A659}.Debug|Any CPU.ActiveCfg = Debug|Any CPU
		{A8F8BDE7-F3B6-46D7-AD62-CD1B3F87A659}.Debug|Any CPU.Build.0 = Debug|Any CPU
		{A8F8BDE7-F3B6-46D7-AD62-CD1B3F87A659}.Release|Any CPU.ActiveCfg = Release|Any CPU
		{A8F8BDE7-F3B6-46D7-AD62-CD1B3F87A659}.Release|Any CPU.Build.0 = Release|Any CPU
		{A0FEE036-FF92-47CA-BD8D-018BF69377B7}.Debug|Any CPU.ActiveCfg = Debug|Any CPU
		{A0FEE036-FF92-47CA-BD8D-018BF69377B7}.Debug|Any CPU.Build.0 = Debug|Any CPU
		{A0FEE036-FF92-47CA-BD8D-018BF69377B7}.Release|Any CPU.ActiveCfg = Release|Any CPU
		{A0FEE036-FF92-47CA-BD8D-018BF69377B7}.Release|Any CPU.Build.0 = Release|Any CPU
		{B4429674-7B22-44FC-ADCA-A4AAE81E529E}.Debug|Any CPU.ActiveCfg = Debug|Any CPU
		{B4429674-7B22-44FC-ADCA-A4AAE81E529E}.Debug|Any CPU.Build.0 = Debug|Any CPU
		{B4429674-7B22-44FC-ADCA-A4AAE81E529E}.Release|Any CPU.ActiveCfg = Release|Any CPU
		{B4429674-7B22-44FC-ADCA-A4AAE81E529E}.Release|Any CPU.Build.0 = Release|Any CPU
	EndGlobalSection
	GlobalSection(SolutionProperties) = preSolution
		HideSolutionNode = FALSE
	EndGlobalSection
	GlobalSection(ExtensibilityGlobals) = postSolution
		SolutionGuid = {D125C574-3D2E-4AB2-BE5C-8CEF893E7A8B}
	EndGlobalSection
EndGlobal
