
Microsoft Visual Studio Solution File, Format Version 12.00
# Visual Studio Version 16
VisualStudioVersion = 16.0.29519.181
MinimumVisualStudioVersion = 10.0.40219.1
Project("{9A19103F-16F7-4668-BE54-9A1E7A4F7556}") = "Bombs", "ExamCSharpAdvanced28.06.20\Bombs.csproj", "{C26A123C-1191-44E5-A607-025CF6164306}"
EndProject
Project("{9A19103F-16F7-4668-BE54-9A1E7A4F7556}") = "Snake", "Snake\Snake.csproj", "{C9586C59-3140-43FB-806B-FAEE62CE7F95}"
EndProject
Project("{9A19103F-16F7-4668-BE54-9A1E7A4F7556}") = "Parking", "Parking\Parking\Parking.csproj", "{CBDA9E88-B882-4894-AD46-056F9B56955D}"
EndProject
Global
	GlobalSection(SolutionConfigurationPlatforms) = preSolution
		Debug|Any CPU = Debug|Any CPU
		Release|Any CPU = Release|Any CPU
	EndGlobalSection
	GlobalSection(ProjectConfigurationPlatforms) = postSolution
		{C26A123C-1191-44E5-A607-025CF6164306}.Debug|Any CPU.ActiveCfg = Debug|Any CPU
		{C26A123C-1191-44E5-A607-025CF6164306}.Debug|Any CPU.Build.0 = Debug|Any CPU
		{C26A123C-1191-44E5-A607-025CF6164306}.Release|Any CPU.ActiveCfg = Release|Any CPU
		{C26A123C-1191-44E5-A607-025CF6164306}.Release|Any CPU.Build.0 = Release|Any CPU
		{C9586C59-3140-43FB-806B-FAEE62CE7F95}.Debug|Any CPU.ActiveCfg = Debug|Any CPU
		{C9586C59-3140-43FB-806B-FAEE62CE7F95}.Debug|Any CPU.Build.0 = Debug|Any CPU
		{C9586C59-3140-43FB-806B-FAEE62CE7F95}.Release|Any CPU.ActiveCfg = Release|Any CPU
		{C9586C59-3140-43FB-806B-FAEE62CE7F95}.Release|Any CPU.Build.0 = Release|Any CPU
		{CBDA9E88-B882-4894-AD46-056F9B56955D}.Debug|Any CPU.ActiveCfg = Debug|Any CPU
		{CBDA9E88-B882-4894-AD46-056F9B56955D}.Debug|Any CPU.Build.0 = Debug|Any CPU
		{CBDA9E88-B882-4894-AD46-056F9B56955D}.Release|Any CPU.ActiveCfg = Release|Any CPU
		{CBDA9E88-B882-4894-AD46-056F9B56955D}.Release|Any CPU.Build.0 = Release|Any CPU
	EndGlobalSection
	GlobalSection(SolutionProperties) = preSolution
		HideSolutionNode = FALSE
	EndGlobalSection
	GlobalSection(ExtensibilityGlobals) = postSolution
		SolutionGuid = {963BCF7C-EB93-4500-8C73-DCB074903181}
	EndGlobalSection
EndGlobal
