
Microsoft Visual Studio Solution File, Format Version 12.00
# Visual Studio Version 16
VisualStudioVersion = 16.0.29728.190
MinimumVisualStudioVersion = 10.0.40219.1
Project("{9A19103F-16F7-4668-BE54-9A1E7A4F7556}") = "Parking", "Parking\Parking.csproj", "{F6DF34FD-89BC-4813-B93C-4220CBCBFE5A}"
EndProject
Project("{9A19103F-16F7-4668-BE54-9A1E7A4F7556}") = "Bombs", "Bombs\Bombs.csproj", "{6C866D96-3086-4038-A8E8-9CE170B07FE5}"
EndProject
Project("{FAE04EC0-301F-11D3-BF4B-00C04F79EFBC}") = "SpaceStationEstablishment", "SpaceStationEstablishment\SpaceStationEstablishment.csproj", "{AA400DEB-1B2D-4274-A177-20E1040472D6}"
EndProject
Global
	GlobalSection(SolutionConfigurationPlatforms) = preSolution
		Debug|Any CPU = Debug|Any CPU
		Release|Any CPU = Release|Any CPU
	EndGlobalSection
	GlobalSection(ProjectConfigurationPlatforms) = postSolution
		{F6DF34FD-89BC-4813-B93C-4220CBCBFE5A}.Debug|Any CPU.ActiveCfg = Debug|Any CPU
		{F6DF34FD-89BC-4813-B93C-4220CBCBFE5A}.Debug|Any CPU.Build.0 = Debug|Any CPU
		{F6DF34FD-89BC-4813-B93C-4220CBCBFE5A}.Release|Any CPU.ActiveCfg = Release|Any CPU
		{F6DF34FD-89BC-4813-B93C-4220CBCBFE5A}.Release|Any CPU.Build.0 = Release|Any CPU
		{6C866D96-3086-4038-A8E8-9CE170B07FE5}.Debug|Any CPU.ActiveCfg = Debug|Any CPU
		{6C866D96-3086-4038-A8E8-9CE170B07FE5}.Debug|Any CPU.Build.0 = Debug|Any CPU
		{6C866D96-3086-4038-A8E8-9CE170B07FE5}.Release|Any CPU.ActiveCfg = Release|Any CPU
		{6C866D96-3086-4038-A8E8-9CE170B07FE5}.Release|Any CPU.Build.0 = Release|Any CPU
		{AA400DEB-1B2D-4274-A177-20E1040472D6}.Debug|Any CPU.ActiveCfg = Debug|Any CPU
		{AA400DEB-1B2D-4274-A177-20E1040472D6}.Debug|Any CPU.Build.0 = Debug|Any CPU
		{AA400DEB-1B2D-4274-A177-20E1040472D6}.Release|Any CPU.ActiveCfg = Release|Any CPU
		{AA400DEB-1B2D-4274-A177-20E1040472D6}.Release|Any CPU.Build.0 = Release|Any CPU
	EndGlobalSection
	GlobalSection(SolutionProperties) = preSolution
		HideSolutionNode = FALSE
	EndGlobalSection
	GlobalSection(ExtensibilityGlobals) = postSolution
		SolutionGuid = {E9FEB942-F40B-4568-BF89-D7CEFA87C97E}
	EndGlobalSection
EndGlobal
